
Microsoft Visual Studio Solution File, Format Version 12.00
# Visual Studio Version 16
VisualStudioVersion = 16.0.32630.194
MinimumVisualStudioVersion = 10.0.40219.1
Project("{FAE04EC0-301F-11D3-BF4B-00C04F79EFBC}") = "SalarioReajuste-Reply", "SalarioReajuste-Reply\SalarioReajuste-Reply.csproj", "{4AD6A349-A6AE-4B7E-A434-018E4AD0625C}"
EndProject
Global
	GlobalSection(SolutionConfigurationPlatforms) = preSolution
		Debug|Any CPU = Debug|Any CPU
		Release|Any CPU = Release|Any CPU
	EndGlobalSection
	GlobalSection(ProjectConfigurationPlatforms) = postSolution
		{4AD6A349-A6AE-4B7E-A434-018E4AD0625C}.Debug|Any CPU.ActiveCfg = Debug|Any CPU
		{4AD6A349-A6AE-4B7E-A434-018E4AD0625C}.Debug|Any CPU.Build.0 = Debug|Any CPU
		{4AD6A349-A6AE-4B7E-A434-018E4AD0625C}.Release|Any CPU.ActiveCfg = Release|Any CPU
		{4AD6A349-A6AE-4B7E-A434-018E4AD0625C}.Release|Any CPU.Build.0 = Release|Any CPU
	EndGlobalSection
	GlobalSection(SolutionProperties) = preSolution
		HideSolutionNode = FALSE
	EndGlobalSection
	GlobalSection(ExtensibilityGlobals) = postSolution
		SolutionGuid = {8D8809D4-5CA1-4BE7-ADFD-F378583C26CF}
	EndGlobalSection
EndGlobal
